
Microsoft Visual Studio Solution File, Format Version 12.00
# Visual Studio 15
VisualStudioVersion = 15.0.28307.421
MinimumVisualStudioVersion = 10.0.40219.1
Project("{FAE04EC0-301F-11D3-BF4B-00C04F79EFBC}") = "exercise_1", "exercise_1\exercise_1.csproj", "{9B261E00-E745-43CC-A43E-33E53FC5304B}"
EndProject
Project("{FAE04EC0-301F-11D3-BF4B-00C04F79EFBC}") = "exercise_2", "exercise_2\exercise_2.csproj", "{77E94DF7-62FD-4A57-A076-B638662E3F7D}"
EndProject
Project("{FAE04EC0-301F-11D3-BF4B-00C04F79EFBC}") = "exercise_3", "exercise_3\exercise_3.csproj", "{B51070EA-0907-452D-A74E-402EB7A195BE}"
EndProject
Global
	GlobalSection(SolutionConfigurationPlatforms) = preSolution
		Debug|Any CPU = Debug|Any CPU
		Release|Any CPU = Release|Any CPU
	EndGlobalSection
	GlobalSection(ProjectConfigurationPlatforms) = postSolution
		{9B261E00-E745-43CC-A43E-33E53FC5304B}.Debug|Any CPU.ActiveCfg = Debug|Any CPU
		{9B261E00-E745-43CC-A43E-33E53FC5304B}.Debug|Any CPU.Build.0 = Debug|Any CPU
		{9B261E00-E745-43CC-A43E-33E53FC5304B}.Release|Any CPU.ActiveCfg = Release|Any CPU
		{9B261E00-E745-43CC-A43E-33E53FC5304B}.Release|Any CPU.Build.0 = Release|Any CPU
		{77E94DF7-62FD-4A57-A076-B638662E3F7D}.Debug|Any CPU.ActiveCfg = Debug|Any CPU
		{77E94DF7-62FD-4A57-A076-B638662E3F7D}.Debug|Any CPU.Build.0 = Debug|Any CPU
		{77E94DF7-62FD-4A57-A076-B638662E3F7D}.Release|Any CPU.ActiveCfg = Release|Any CPU
		{77E94DF7-62FD-4A57-A076-B638662E3F7D}.Release|Any CPU.Build.0 = Release|Any CPU
		{B51070EA-0907-452D-A74E-402EB7A195BE}.Debug|Any CPU.ActiveCfg = Debug|Any CPU
		{B51070EA-0907-452D-A74E-402EB7A195BE}.Debug|Any CPU.Build.0 = Debug|Any CPU
		{B51070EA-0907-452D-A74E-402EB7A195BE}.Release|Any CPU.ActiveCfg = Release|Any CPU
		{B51070EA-0907-452D-A74E-402EB7A195BE}.Release|Any CPU.Build.0 = Release|Any CPU
	EndGlobalSection
	GlobalSection(SolutionProperties) = preSolution
		HideSolutionNode = FALSE
	EndGlobalSection
	GlobalSection(ExtensibilityGlobals) = postSolution
		SolutionGuid = {4F3082F5-A5B0-44F9-B85A-6CC1744B6161}
	EndGlobalSection
EndGlobal
